
Microsoft Visual Studio Solution File, Format Version 12.00
# Visual Studio Version 16
VisualStudioVersion = 16.0.29609.76
MinimumVisualStudioVersion = 10.0.40219.1
Project("{FAE04EC0-301F-11D3-BF4B-00C04F79EFBC}") = "API Setup User config", "API Setup User config\API Setup User config.csproj", "{230CA85F-398F-4438-9B4B-9E0EE11A6EF7}"
EndProject
Global
	GlobalSection(SolutionConfigurationPlatforms) = preSolution
		Debug|Any CPU = Debug|Any CPU
		Release|Any CPU = Release|Any CPU
	EndGlobalSection
	GlobalSection(ProjectConfigurationPlatforms) = postSolution
		{230CA85F-398F-4438-9B4B-9E0EE11A6EF7}.Debug|Any CPU.ActiveCfg = Debug|Any CPU
		{230CA85F-398F-4438-9B4B-9E0EE11A6EF7}.Debug|Any CPU.Build.0 = Debug|Any CPU
		{230CA85F-398F-4438-9B4B-9E0EE11A6EF7}.Release|Any CPU.ActiveCfg = Release|Any CPU
		{230CA85F-398F-4438-9B4B-9E0EE11A6EF7}.Release|Any CPU.Build.0 = Release|Any CPU
	EndGlobalSection
	GlobalSection(SolutionProperties) = preSolution
		HideSolutionNode = FALSE
	EndGlobalSection
	GlobalSection(ExtensibilityGlobals) = postSolution
		SolutionGuid = {C8FACD26-F0A1-46BE-9A8A-B5AC864E5A38}
	EndGlobalSection
EndGlobal
